
Microsoft Visual Studio Solution File, Format Version 12.00
# Visual Studio Version 17
VisualStudioVersion = 17.0.31903.59
MinimumVisualStudioVersion = 10.0.40219.1
Project("{FAE04EC0-301F-11D3-BF4B-00C04F79EFBC}") = "HaversineShared", "HaversineShared\HaversineShared.csproj", "{233244C8-74D9-40BD-A1F7-191CA5BBF373}"
EndProject
Project("{FAE04EC0-301F-11D3-BF4B-00C04F79EFBC}") = "HaversineGenerator", "HaversineGenerator\HaversineGenerator.csproj", "{84CCB2CA-97A0-4D3F-AD7C-3862744B010D}"
EndProject
Project("{FAE04EC0-301F-11D3-BF4B-00C04F79EFBC}") = "HaversineProcessor", "HaversineProcessor\HaversineProcessor.csproj", "{3898815D-2041-4AE5-A6E2-B7C6A3B3F7E2}"
EndProject
Project("{FAE04EC0-301F-11D3-BF4B-00C04F79EFBC}") = "ReadOverhead", "ReadOverhead\ReadOverhead.csproj", "{4504567C-526B-477E-A15F-1DF92AEE4EE3}"
EndProject
Global
	GlobalSection(SolutionConfigurationPlatforms) = preSolution
		Debug|Any CPU = Debug|Any CPU
		Release|Any CPU = Release|Any CPU
	EndGlobalSection
	GlobalSection(SolutionProperties) = preSolution
		HideSolutionNode = FALSE
	EndGlobalSection
	GlobalSection(ProjectConfigurationPlatforms) = postSolution
		{233244C8-74D9-40BD-A1F7-191CA5BBF373}.Debug|Any CPU.ActiveCfg = Debug|Any CPU
		{233244C8-74D9-40BD-A1F7-191CA5BBF373}.Debug|Any CPU.Build.0 = Debug|Any CPU
		{233244C8-74D9-40BD-A1F7-191CA5BBF373}.Release|Any CPU.ActiveCfg = Release|Any CPU
		{233244C8-74D9-40BD-A1F7-191CA5BBF373}.Release|Any CPU.Build.0 = Release|Any CPU
		{84CCB2CA-97A0-4D3F-AD7C-3862744B010D}.Debug|Any CPU.ActiveCfg = Debug|Any CPU
		{84CCB2CA-97A0-4D3F-AD7C-3862744B010D}.Debug|Any CPU.Build.0 = Debug|Any CPU
		{84CCB2CA-97A0-4D3F-AD7C-3862744B010D}.Release|Any CPU.ActiveCfg = Release|Any CPU
		{84CCB2CA-97A0-4D3F-AD7C-3862744B010D}.Release|Any CPU.Build.0 = Release|Any CPU
		{3898815D-2041-4AE5-A6E2-B7C6A3B3F7E2}.Debug|Any CPU.ActiveCfg = Debug|Any CPU
		{3898815D-2041-4AE5-A6E2-B7C6A3B3F7E2}.Debug|Any CPU.Build.0 = Debug|Any CPU
		{3898815D-2041-4AE5-A6E2-B7C6A3B3F7E2}.Release|Any CPU.ActiveCfg = Release|Any CPU
		{3898815D-2041-4AE5-A6E2-B7C6A3B3F7E2}.Release|Any CPU.Build.0 = Release|Any CPU
		{4504567C-526B-477E-A15F-1DF92AEE4EE3}.Debug|Any CPU.ActiveCfg = Debug|Any CPU
		{4504567C-526B-477E-A15F-1DF92AEE4EE3}.Debug|Any CPU.Build.0 = Debug|Any CPU
		{4504567C-526B-477E-A15F-1DF92AEE4EE3}.Release|Any CPU.ActiveCfg = Release|Any CPU
		{4504567C-526B-477E-A15F-1DF92AEE4EE3}.Release|Any CPU.Build.0 = Release|Any CPU
	EndGlobalSection
EndGlobal
